[[package]]
name = "dynaconf"
version = "3.1.4"
description = "The dynamic configurator for your Python Project"
category = "main"
optional = false
python-versions = "*"

[package.extras]
all = ["redis", "ruamel.yaml", "configobj", "hvac"]
configobj = ["configobj"]
ini = ["configobj"]
redis = ["redis"]
toml = ["toml"]
vault = ["hvac"]
yaml = ["ruamel.yaml"]

[metadata]
lock-version = "1.1"
python-versions = "^3.8"
content-hash = "a4621fd144b79af296b84f9ab47f6fccb73fba9cc0f7321b46fefc2d0ca02d8c"

[metadata.files]
dynaconf = [
    {file = "dynaconf-3.1.4-py2.py3-none-any.whl", hash = "sha256:e6f383b84150b70fc439c8b2757581a38a58d07962aa14517292dcce1a77e160"},
    {file = "dynaconf-3.1.4.tar.gz", hash = "sha256:b2f472d83052f809c5925565b8a2ba76a103d5dc1dbb9748b693ed67212781b9"},
]
